
Microsoft Visual Studio Solution File, Format Version 12.00
# Visual Studio Version 17
VisualStudioVersion = 17.8.34322.80
MinimumVisualStudioVersion = 10.0.40219.1
Project("{FAE04EC0-301F-11D3-BF4B-00C04F79EFBC}") = "Monopol", "Monopol\Monopol.csproj", "{296CB4A1-06A2-4344-B8DA-F97E3767CAD2}"
EndProject
Project("{FAE04EC0-301F-11D3-BF4B-00C04F79EFBC}") = "MonopolTestProject1", "MonopolTestProject1\MonopolTestProject1.csproj", "{CD29EB1F-8F71-4806-A29B-2C22839DE22B}"
EndProject
Global
	GlobalSection(SolutionConfigurationPlatforms) = preSolution
		Debug|Any CPU = Debug|Any CPU
		Release|Any CPU = Release|Any CPU
	EndGlobalSection
	GlobalSection(ProjectConfigurationPlatforms) = postSolution
		{296CB4A1-06A2-4344-B8DA-F97E3767CAD2}.Debug|Any CPU.ActiveCfg = Debug|Any CPU
		{296CB4A1-06A2-4344-B8DA-F97E3767CAD2}.Debug|Any CPU.Build.0 = Debug|Any CPU
		{296CB4A1-06A2-4344-B8DA-F97E3767CAD2}.Release|Any CPU.ActiveCfg = Release|Any CPU
		{296CB4A1-06A2-4344-B8DA-F97E3767CAD2}.Release|Any CPU.Build.0 = Release|Any CPU
		{CD29EB1F-8F71-4806-A29B-2C22839DE22B}.Debug|Any CPU.ActiveCfg = Debug|Any CPU
		{CD29EB1F-8F71-4806-A29B-2C22839DE22B}.Debug|Any CPU.Build.0 = Debug|Any CPU
		{CD29EB1F-8F71-4806-A29B-2C22839DE22B}.Release|Any CPU.ActiveCfg = Release|Any CPU
		{CD29EB1F-8F71-4806-A29B-2C22839DE22B}.Release|Any CPU.Build.0 = Release|Any CPU
	EndGlobalSection
	GlobalSection(SolutionProperties) = preSolution
		HideSolutionNode = FALSE
	EndGlobalSection
	GlobalSection(ExtensibilityGlobals) = postSolution
		SolutionGuid = {765CE26A-4DA9-4D0C-88F1-4819FE8957D3}
	EndGlobalSection
EndGlobal
